
Microsoft Visual Studio Solution File, Format Version 12.00
# Visual Studio Version 16
VisualStudioVersion = 16.0.30717.126
MinimumVisualStudioVersion = 10.0.40219.1
Project("{9A19103F-16F7-4668-BE54-9A1E7A4F7556}") = "Carlton.Dashboard.Models", "Carlton.Dashboard.Models.csproj", "{BC62944B-B00B-488C-84FF-FAC2F7390EBA}"
EndProject
Global
	GlobalSection(SolutionConfigurationPlatforms) = preSolution
		Debug|Any CPU = Debug|Any CPU
		Release|Any CPU = Release|Any CPU
	EndGlobalSection
	GlobalSection(ProjectConfigurationPlatforms) = postSolution
		{BC62944B-B00B-488C-84FF-FAC2F7390EBA}.Debug|Any CPU.ActiveCfg = Debug|Any CPU
		{BC62944B-B00B-488C-84FF-FAC2F7390EBA}.Debug|Any CPU.Build.0 = Debug|Any CPU
		{BC62944B-B00B-488C-84FF-FAC2F7390EBA}.Release|Any CPU.ActiveCfg = Release|Any CPU
		{BC62944B-B00B-488C-84FF-FAC2F7390EBA}.Release|Any CPU.Build.0 = Release|Any CPU
	EndGlobalSection
	GlobalSection(SolutionProperties) = preSolution
		HideSolutionNode = FALSE
	EndGlobalSection
	GlobalSection(ExtensibilityGlobals) = postSolution
		SolutionGuid = {4F7868EA-DFBF-424C-8F11-30ACBF9D3517}
	EndGlobalSection
EndGlobal
